// !$*UTF8*$!
{
	archiveVersion = 1;
	classes = {
	};
	objectVersion = 50;
	objects = {

/* Begin PBXBuildFile section */
		C31A457020F2655D00C17A45 /* SVFoundation.framework in Frameworks */ = {isa = PBXBuildFile; fileRef = C31A456620F2655D00C17A45 /* SVFoundation.framework */; };
		C31A457520F2655D00C17A45 /* SVFoundationTests.swift in Sources */ = {isa = PBXBuildFile; fileRef = C31A457420F2655D00C17A45 /* SVFoundationTests.swift */; };
		C31A457720F2655D00C17A45 /* SVFoundation.h in Headers */ = {isa = PBXBuildFile; fileRef = C31A456920F2655D00C17A45 /* SVFoundation.h */; settings = {ATTRIBUTES = (Public, ); }; };
/* End PBXBuildFile section */

/* Begin PBXContainerItemProxy section */
		C31A457120F2655D00C17A45 /* PBXContainerItemProxy */ = {
			isa = PBXContainerItemProxy;
			containerPortal = C31A455D20F2655D00C17A45 /* Project object */;
			proxyType = 1;
			remoteGlobalIDString = C31A456520F2655D00C17A45;
			remoteInfo = SVFoundation;
		};
/* End PBXContainerItemProxy section */

/* Begin PBXFileReference section */
		C31A456620F2655D00C17A45 /* SVFoundation.framework */ = {isa = PBXFileReference; explicitFileType = wrapper.framework; includeInIndex = 0; path = SVFoundation.framework; sourceTree = BUILT_PRODUCTS_DIR; };
		C31A456920F2655D00C17A45 /* SVFoundation.h */ = {isa = PBXFileReference; lastKnownFileType = sourcecode.c.h; path = SVFoundation.h; sourceTree = "<group>"; };
		C31A456A20F2655D00C17A45 /* Info.plist */ = {isa = PBXFileReference; lastKnownFileType = text.plist.xml; path = Info.plist; sourceTree = "<group>"; };
		C31A456F20F2655D00C17A45 /* SVFoundationTests.xctest */ = {isa = PBXFileReference; explicitFileType = wrapper.cfbundle; includeInIndex = 0; path = SVFoundationTests.xctest; sourceTree = BUILT_PRODUCTS_DIR; };
		C31A457420F2655D00C17A45 /* SVFoundationTests.swift */ = {isa = PBXFileReference; lastKnownFileType = sourcecode.swift; path = SVFoundationTests.swift; sourceTree = "<group>"; };
		C31A457620F2655D00C17A45 /* Info.plist */ = {isa = PBXFileReference; lastKnownFileType = text.plist.xml; path = Info.plist; sourceTree = "<group>"; };
/* End PBXFileReference section */

/* Begin PBXFrameworksBuildPhase section */
		C31A456320F2655D00C17A45 /* Frameworks */ = {
			isa = PBXFrameworksBuildPhase;
			buildActionMask = 2147483647;
			files = (
			);
			runOnlyForDeploymentPostprocessing = 0;
		};
		C31A456C20F2655D00C17A45 /* Frameworks */ = {
			isa = PBXFrameworksBuildPhase;
			buildActionMask = 2147483647;
			files = (
				C31A457020F2655D00C17A45 /* SVFoundation.framework in Frameworks */,
			);
			runOnlyForDeploymentPostprocessing = 0;
		};
/* End PBXFrameworksBuildPhase section */

/* Begin PBXGroup section */
		C31A455C20F2655D00C17A45 = {
			isa = PBXGroup;
			children = (
				C31A456820F2655D00C17A45 /* SVFoundation */,
				C31A457320F2655D00C17A45 /* SVFoundationTests */,
				C31A456720F2655D00C17A45 /* Products */,
			);
			sourceTree = "<group>";
		};
		C31A456720F2655D00C17A45 /* Products */ = {
			isa = PBXGroup;
			children = (
				C31A456620F2655D00C17A45 /* SVFoundation.framework */,
				C31A456F20F2655D00C17A45 /* SVFoundationTests.xctest */,
			);
			name = Products;
			sourceTree = "<group>";
		};
		C31A456820F2655D00C17A45 /* SVFoundation */ = {
			isa = PBXGroup;
			children = (
				C31A456920F2655D00C17A45 /* SVFoundation.h */,
				C31A456A20F2655D00C17A45 /* Info.plist */,
			);
			path = SVFoundation;
			sourceTree = "<group>";
		};
		C31A457320F2655D00C17A45 /* SVFoundationTests */ = {
			isa = PBXGroup;
			children = (
				C31A457420F2655D00C17A45 /* SVFoundationTests.swift */,
				C31A457620F2655D00C17A45 /* Info.plist */,
			);
			path = SVFoundationTests;
			sourceTree = "<group>";
		};
/* End PBXGroup section */

/* Begin PBXHeadersBuildPhase section */
		C31A456120F2655D00C17A45 /* Headers */ = {
			isa = PBXHeadersBuildPhase;
			buildActionMask = 2147483647;
			files = (
				C31A457720F2655D00C17A45 /* SVFoundation.h in Headers */,
			);
			runOnlyForDeploymentPostprocessing = 0;
		};
/* End PBXHeadersBuildPhase section */

/* Begin PBXNativeTarget section */
		C31A456520F2655D00C17A45 /* SVFoundation */ = {
			isa = PBXNativeTarget;
			buildConfigurationList = C31A457A20F2655D00C17A45 /* Build configuration list for PBXNativeTarget "SVFoundation" */;
			buildPhases = (
				C31A456120F2655D00C17A45 /* Headers */,
				C31A456220F2655D00C17A45 /* Sources */,
				C31A456320F2655D00C17A45 /* Frameworks */,
				C31A456420F2655D00C17A45 /* Resources */,
			);
			buildRules = (
			);
			dependencies = (
			);
			name = SVFoundation;
			productName = SVFoundation;
			productReference = C31A456620F2655D00C17A45 /* SVFoundation.framework */;
			productType = "com.apple.product-type.framework";
		};
		C31A456E20F2655D00C17A45 /* SVFoundationTests */ = {
			isa = PBXNativeTarget;
			buildConfigurationList = C31A457D20F2655D00C17A45 /* Build configuration list for PBXNativeTarget "SVFoundationTests" */;
			buildPhases = (
				C31A456B20F2655D00C17A45 /* Sources */,
				C31A456C20F2655D00C17A45 /* Frameworks */,
				C31A456D20F2655D00C17A45 /* Resources */,
			);
			buildRules = (
			);
			dependencies = (
				C31A457220F2655D00C17A45 /* PBXTargetDependency */,
			);
			name = SVFoundationTests;
			productName = SVFoundationTests;
			productReference = C31A456F20F2655D00C17A45 /* SVFoundationTests.xctest */;
			productType = "com.apple.product-type.bundle.unit-test";
		};
/* End PBXNativeTarget section */

/* Begin PBXProject section */
		C31A455D20F2655D00C17A45 /* Project object */ = {
			isa = PBXProject;
			attributes = {
				LastSwiftUpdateCheck = 1000;
				LastUpgradeCheck = 1000;
				ORGANIZATIONNAME = "Svagant, s.r.o.";
				TargetAttributes = {
					C31A456520F2655D00C17A45 = {
						CreatedOnToolsVersion = 10.0;
					};
					C31A456E20F2655D00C17A45 = {
						CreatedOnToolsVersion = 10.0;
					};
				};
			};
			buildConfigurationList = C31A456020F2655D00C17A45 /* Build configuration list for PBXProject "SVFoundation" */;
			compatibilityVersion = "Xcode 9.3";
			developmentRegion = en;
			hasScannedForEncodings = 0;
			knownRegions = (
				en,
			);
			mainGroup = C31A455C20F2655D00C17A45;
			productRefGroup = C31A456720F2655D00C17A45 /* Products */;
			projectDirPath = "";
			projectRoot = "";
			targets = (
				C31A456520F2655D00C17A45 /* SVFoundation */,
				C31A456E20F2655D00C17A45 /* SVFoundationTests */,
			);
		};
/* End PBXProject section */

/* Begin PBXResourcesBuildPhase section */
		C31A456420F2655D00C17A45 /* Resources */ = {
			isa = PBXResourcesBuildPhase;
			buildActionMask = 2147483647;
			files = (
			);
			runOnlyForDeploymentPostprocessing = 0;
		};
		C31A456D20F2655D00C17A45 /* Resources */ = {
			isa = PBXResourcesBuildPhase;
			buildActionMask = 2147483647;
			files = (
			);
			runOnlyForDeploymentPostprocessing = 0;
		};
/* End PBXResourcesBuildPhase section */

/* Begin PBXSourcesBuildPhase section */
		C31A456220F2655D00C17A45 /* Sources */ = {
			isa = PBXSourcesBuildPhase;
			buildActionMask = 2147483647;
			files = (
			);
			runOnlyForDeploymentPostprocessing = 0;
		};
		C31A456B20F2655D00C17A45 /* Sources */ = {
			isa = PBXSourcesBuildPhase;
			buildActionMask = 2147483647;
			files = (
				C31A457520F2655D00C17A45 /* SVFoundationTests.swift in Sources */,
			);
			runOnlyForDeploymentPostprocessing = 0;
		};
/* End PBXSourcesBuildPhase section */

/* Begin PBXTargetDependency section */
		C31A457220F2655D00C17A45 /* PBXTargetDependency */ = {
			isa = PBXTargetDependency;
			target = C31A456520F2655D00C17A45 /* SVFoundation */;
			targetProxy = C31A457120F2655D00C17A45 /* PBXContainerItemProxy */;
		};
/* End PBXTargetDependency section */

/* Begin XCBuildConfiguration section */
		C31A457820F2655D00C17A45 /* Debug */ = {
			isa = XCBuildConfiguration;
			buildSettings = {
				ALWAYS_SEARCH_USER_PATHS = NO;
				CLANG_ANALYZER_NONNULL = YES;
				CLANG_ANALYZER_NUMBER_OBJECT_CONVERSION = YES_AGGRESSIVE;
				CLANG_CXX_LANGUAGE_STANDARD = "gnu++14";
				CLANG_CXX_LIBRARY = "libc++";
				CLANG_ENABLE_MODULES = YES;
				CLANG_ENABLE_OBJC_ARC = YES;
				CLANG_ENABLE_OBJC_WEAK = YES;
				CLANG_WARN_BLOCK_CAPTURE_AUTORELEASING = YES;
				CLANG_WARN_BOOL_CONVERSION = YES;
				CLANG_WARN_COMMA = YES;
				CLANG_WARN_CONSTANT_CONVERSION = YES;
				CLANG_WARN_DEPRECATED_OBJC_IMPLEMENTATIONS = YES;
				CLANG_WARN_DIRECT_OBJC_ISA_USAGE = YES_ERROR;
				CLANG_WARN_DOCUMENTATION_COMMENTS = YES;
				CLANG_WARN_EMPTY_BODY = YES;
				CLANG_WARN_ENUM_CONVERSION = YES;
				CLANG_WARN_INFINITE_RECURSION = YES;
				CLANG_WARN_INT_CONVERSION = YES;
				CLANG_WARN_NON_LITERAL_NULL_CONVERSION = YES;
				CLANG_WARN_OBJC_IMPLICIT_RETAIN_SELF = YES;
				CLANG_WARN_OBJC_LITERAL_CONVERSION = YES;
				CLANG_WARN_OBJC_ROOT_CLASS = YES_ERROR;
				CLANG_WARN_RANGE_LOOP_ANALYSIS = YES;
				CLANG_WARN_STRICT_PROTOTYPES = YES;
				CLANG_WARN_SUSPICIOUS_MOVE = YES;
				CLANG_WARN_UNGUARDED_AVAILABILITY = YES_AGGRESSIVE;
				CLANG_WARN_UNREACHABLE_CODE = YES;
				CLANG_WARN__DUPLICATE_METHOD_MATCH = YES;
				CODE_SIGN_IDENTITY = "iPhone Developer";
				COPY_PHASE_STRIP = NO;
				CURRENT_PROJECT_VERSION = 1;
				DEBUG_INFORMATION_FORMAT = dwarf;
				ENABLE_STRICT_OBJC_MSGSEND = YES;
				ENABLE_TESTABILITY = YES;
				GCC_C_LANGUAGE_STANDARD = gnu11;
				GCC_DYNAMIC_NO_PIC = NO;
				GCC_NO_COMMON_BLOCKS = YES;
				GCC_OPTIMIZATION_LEVEL = 0;
				GCC_PREPROCESSOR_DEFINITIONS = (
					"DEBUG=1",
					"$(inherited)",
				);
				GCC_WARN_64_TO_32_BIT_CONVERSION = YES;
				GCC_WARN_ABOUT_RETURN_TYPE = YES_ERROR;
				GCC_WARN_UNDECLARED_SELECTOR = YES;
				GCC_WARN_UNINITIALIZED_AUTOS = YES_AGGRESSIVE;
				GCC_WARN_UNUSED_FUNCTION = YES;
				GCC_WARN_UNUSED_VARIABLE = YES;
				IPHONEOS_DEPLOYMENT_TARGET = 12.0;
				MTL_ENABLE_DEBUG_INFO = INCLUDE_SOURCE;
				MTL_FAST_MATH = YES;
				ONLY_ACTIVE_ARCH = YES;
				SDKROOT = iphoneos;
				SWIFT_ACTIVE_COMPILATION_CONDITIONS = DEBUG;
				SWIFT_OPTIMIZATION_LEVEL = "-Onone";
				VERSIONING_SYSTEM = "apple-generic";
				VERSION_INFO_PREFIX = "";
			};
			name = Debug;
		};
		C31A457920F2655D00C17A45 /* Release */ = {
			isa = XCBuildConfiguration;
			buildSettings = {
				ALWAYS_SEARCH_USER_PATHS = NO;
				CLANG_ANALYZER_NONNULL = YES;
				CLANG_ANALYZER_NUMBER_OBJECT_CONVERSION = YES_AGGRESSIVE;
				CLANG_CXX_LANGUAGE_STANDARD = "gnu++14";
				CLANG_CXX_LIBRARY = "libc++";
				CLANG_ENABLE_MODULES = YES;
				CLANG_ENABLE_OBJC_ARC = YES;
				CLANG_ENABLE_OBJC_WEAK = YES;
				CLANG_WARN_BLOCK_CAPTURE_AUTORELEASING = YES;
				CLANG_WARN_BOOL_CONVERSION = YES;
				CLANG_WARN_COMMA = YES;
				CLANG_WARN_CONSTANT_CONVERSION = YES;
				CLANG_WARN_DEPRECATED_OBJC_IMPLEMENTATIONS = YES;
				CLANG_WARN_DIRECT_OBJC_ISA_USAGE = YES_ERROR;
				CLANG_WARN_DOCUMENTATION_COMMENTS = YES;
				CLANG_WARN_EMPTY_BODY = YES;
				CLANG_WARN_ENUM_CONVERSION = YES;
				CLANG_WARN_INFINITE_RECURSION = YES;
				CLANG_WARN_INT_CONVERSION = YES;
				CLANG_WARN_NON_LITERAL_NULL_CONVERSION = YES;
				CLANG_WARN_OBJC_IMPLICIT_RETAIN_SELF = YES;
				CLANG_WARN_OBJC_LITERAL_CONVERSION = YES;
				CLANG_WARN_OBJC_ROOT_CLASS = YES_ERROR;
				CLANG_WARN_RANGE_LOOP_ANALYSIS = YES;
				CLANG_WARN_STRICT_PROTOTYPES = YES;
				CLANG_WARN_SUSPICIOUS_MOVE = YES;
				CLANG_WARN_UNGUARDED_AVAILABILITY = YES_AGGRESSIVE;
				CLANG_WARN_UNREACHABLE_CODE = YES;
				CLANG_WARN__DUPLICATE_METHOD_MATCH = YES;
				CODE_SIGN_IDENTITY = "iPhone Developer";
				COPY_PHASE_STRIP = NO;
				CURRENT_PROJECT_VERSION = 1;
				DEBUG_INFORMATION_FORMAT = "dwarf-with-dsym";
				ENABLE_NS_ASSERTIONS = NO;
				ENABLE_STRICT_OBJC_MSGSEND = YES;
				GCC_C_LANGUAGE_STANDARD = gnu11;
				GCC_NO_COMMON_BLOCKS = YES;
				GCC_WARN_64_TO_32_BIT_CONVERSION = YES;
				GCC_WARN_ABOUT_RETURN_TYPE = YES_ERROR;
				GCC_WARN_UNDECLARED_SELECTOR = YES;
				GCC_WARN_UNINITIALIZED_AUTOS = YES_AGGRESSIVE;
				GCC_WARN_UNUSED_FUNCTION = YES;
				GCC_WARN_UNUSED_VARIABLE = YES;
				IPHONEOS_DEPLOYMENT_TARGET = 12.0;
				MTL_ENABLE_DEBUG_INFO = NO;
				MTL_FAST_MATH = YES;
				SDKROOT = iphoneos;
				SWIFT_COMPILATION_MODE = wholemodule;
				SWIFT_OPTIMIZATION_LEVEL = "-O";
				VALIDATE_PRODUCT = YES;
				VERSIONING_SYSTEM = "apple-generic";
				VERSION_INFO_PREFIX = "";
			};
			name = Release;
		};
		C31A457B20F2655D00C17A45 /* Debug */ = {
			isa = XCBuildConfiguration;
			buildSettings = {
				CODE_SIGN_IDENTITY = "";
				CODE_SIGN_STYLE = Manual;
				DEFINES_MODULE = YES;
				DEVELOPMENT_TEAM = "";
				DYLIB_COMPATIBILITY_VERSION = 1;
				DYLIB_CURRENT_VERSION = 1;
				DYLIB_INSTALL_NAME_BASE = "@rpath";
				INFOPLIST_FILE = SVFoundation/Info.plist;
				INSTALL_PATH = "$(LOCAL_LIBRARY_DIR)/Frameworks";
				LD_RUNPATH_SEARCH_PATHS = (
					"$(inherited)",
					"@executable_path/Frameworks",
					"@loader_path/Frameworks",
				);
				PRODUCT_BUNDLE_IDENTIFIER = com.svagant.SVFoundation;
				PRODUCT_NAME = "$(TARGET_NAME:c99extidentifier)";
				PROVISIONING_PROFILE_SPECIFIER = "";
				SKIP_INSTALL = YES;
				SWIFT_VERSION = 4.2;
				TARGETED_DEVICE_FAMILY = "1,2";
			};
			name = Debug;
		};
		C31A457C20F2655D00C17A45 /* Release */ = {
			isa = XCBuildConfiguration;
			buildSettings = {
				CODE_SIGN_IDENTITY = "";
				CODE_SIGN_STYLE = Manual;
				DEFINES_MODULE = YES;
				DEVELOPMENT_TEAM = "";
				DYLIB_COMPATIBILITY_VERSION = 1;
				DYLIB_CURRENT_VERSION = 1;
				DYLIB_INSTALL_NAME_BASE = "@rpath";
				INFOPLIST_FILE = SVFoundation/Info.plist;
				INSTALL_PATH = "$(LOCAL_LIBRARY_DIR)/Frameworks";
				LD_RUNPATH_SEARCH_PATHS = (
					"$(inherited)",
					"@executable_path/Frameworks",
					"@loader_path/Frameworks",
				);
				PRODUCT_BUNDLE_IDENTIFIER = com.svagant.SVFoundation;
				PRODUCT_NAME = "$(TARGET_NAME:c99extidentifier)";
				PROVISIONING_PROFILE_SPECIFIER = "";
				SKIP_INSTALL = YES;
				SWIFT_VERSION = 4.2;
				TARGETED_DEVICE_FAMILY = "1,2";
			};
			name = Release;
		};
		C31A457E20F2655D00C17A45 /* Debug */ = {
			isa = XCBuildConfiguration;
			buildSettings = {
				CODE_SIGN_STYLE = Automatic;
				DEVELOPMENT_TEAM = J6LW85U94N;
				INFOPLIST_FILE = SVFoundationTests/Info.plist;
				LD_RUNPATH_SEARCH_PATHS = (
					"$(inherited)",
					"@executable_path/Frameworks",
					"@loader_path/Frameworks",
				);
				PRODUCT_BUNDLE_IDENTIFIER = com.svagant.SVFoundationTests;
				PRODUCT_NAME = "$(TARGET_NAME)";
				SWIFT_VERSION = 4.2;
				TARGETED_DEVICE_FAMILY = "1,2";
			};
			name = Debug;
		};
		C31A457F20F2655D00C17A45 /* Release */ = {
			isa = XCBuildConfiguration;
			buildSettings = {
				CODE_SIGN_STYLE = Automatic;
				DEVELOPMENT_TEAM = J6LW85U94N;
				INFOPLIST_FILE = SVFoundationTests/Info.plist;
				LD_RUNPATH_SEARCH_PATHS = (
					"$(inherited)",
					"@executable_path/Frameworks",
					"@loader_path/Frameworks",
				);
				PRODUCT_BUNDLE_IDENTIFIER = com.svagant.SVFoundationTests;
				PRODUCT_NAME = "$(TARGET_NAME)";
				SWIFT_VERSION = 4.2;
				TARGETED_DEVICE_FAMILY = "1,2";
			};
			name = Release;
		};
/* End XCBuildConfiguration section */

/* Begin XCConfigurationList section */
		C31A456020F2655D00C17A45 /* Build configuration list for PBXProject "SVFoundation" */ = {
			isa = XCConfigurationList;
			buildConfigurations = (
				C31A457820F2655D00C17A45 /* Debug */,
				C31A457920F2655D00C17A45 /* Release */,
			);
			defaultConfigurationIsVisible = 0;
			defaultConfigurationName = Release;
		};
		C31A457A20F2655D00C17A45 /* Build configuration list for PBXNativeTarget "SVFoundation" */ = {
			isa = XCConfigurationList;
			buildConfigurations = (
				C31A457B20F2655D00C17A45 /* Debug */,
				C31A457C20F2655D00C17A45 /* Release */,
			);
			defaultConfigurationIsVisible = 0;
			defaultConfigurationName = Release;
		};
		C31A457D20F2655D00C17A45 /* Build configuration list for PBXNativeTarget "SVFoundationTests" */ = {
			isa = XCConfigurationList;
			buildConfigurations = (
				C31A457E20F2655D00C17A45 /* Debug */,
				C31A457F20F2655D00C17A45 /* Release */,
			);
			defaultConfigurationIsVisible = 0;
			defaultConfigurationName = Release;
		};
/* End XCConfigurationList section */
	};
	rootObject = C31A455D20F2655D00C17A45 /* Project object */;
}
